
Microsoft Visual Studio Solution File, Format Version 12.00
# Visual Studio 15
VisualStudioVersion = 15.0.27703.2042
MinimumVisualStudioVersion = 10.0.40219.1
Project("{FAE04EC0-301F-11D3-BF4B-00C04F79EFBC}") = "TestSonarQube", "TestSonarQube\TestSonarQube.csproj", "{45617122-FB02-405F-B359-BA0B2E0B1847}"
EndProject
Global
	GlobalSection(SolutionConfigurationPlatforms) = preSolution
		Debug|Any CPU = Debug|Any CPU
		Release|Any CPU = Release|Any CPU
	EndGlobalSection
	GlobalSection(ProjectConfigurationPlatforms) = postSolution
		{45617122-FB02-405F-B359-BA0B2E0B1847}.Debug|Any CPU.ActiveCfg = Debug|Any CPU
		{45617122-FB02-405F-B359-BA0B2E0B1847}.Debug|Any CPU.Build.0 = Debug|Any CPU
		{45617122-FB02-405F-B359-BA0B2E0B1847}.Release|Any CPU.ActiveCfg = Release|Any CPU
		{45617122-FB02-405F-B359-BA0B2E0B1847}.Release|Any CPU.Build.0 = Release|Any CPU
	EndGlobalSection
	GlobalSection(SolutionProperties) = preSolution
		HideSolutionNode = FALSE
	EndGlobalSection
	GlobalSection(ExtensibilityGlobals) = postSolution
		SolutionGuid = {3F9BF201-4664-4DA7-B78E-0897175718FD}
	EndGlobalSection
EndGlobal
